
Microsoft Visual Studio Solution File, Format Version 12.00
# Visual Studio Version 16
VisualStudioVersion = 16.0.30907.101
MinimumVisualStudioVersion = 10.0.40219.1
Project("{FAE04EC0-301F-11D3-BF4B-00C04F79EFBC}") = "MyShelf", "MyShelf\MyShelf.csproj", "{ADD31C04-5ACC-4E42-A68B-B8EEC7A88F8A}"
EndProject
Global
	GlobalSection(SolutionConfigurationPlatforms) = preSolution
		Debug|Any CPU = Debug|Any CPU
		Release|Any CPU = Release|Any CPU
	EndGlobalSection
	GlobalSection(ProjectConfigurationPlatforms) = postSolution
		{ADD31C04-5ACC-4E42-A68B-B8EEC7A88F8A}.Debug|Any CPU.ActiveCfg = Debug|Any CPU
		{ADD31C04-5ACC-4E42-A68B-B8EEC7A88F8A}.Debug|Any CPU.Build.0 = Debug|Any CPU
		{ADD31C04-5ACC-4E42-A68B-B8EEC7A88F8A}.Release|Any CPU.ActiveCfg = Release|Any CPU
		{ADD31C04-5ACC-4E42-A68B-B8EEC7A88F8A}.Release|Any CPU.Build.0 = Release|Any CPU
	EndGlobalSection
	GlobalSection(SolutionProperties) = preSolution
		HideSolutionNode = FALSE
	EndGlobalSection
	GlobalSection(ExtensibilityGlobals) = postSolution
		SolutionGuid = {A52A7331-A314-4124-A275-AA5056FA8C64}
	EndGlobalSection
EndGlobal
